
Microsoft Visual Studio Solution File, Format Version 12.00
# Visual Studio Version 17
VisualStudioVersion = 17.13.35825.156 d17.13
MinimumVisualStudioVersion = 10.0.40219.1
Project("{F2A71F9B-5D33-465A-A702-920D77279786}") = "4. Задание 1", "4. Задание 1.fsproj", "{F889A95F-4997-4FCB-9CF9-BFF7EFD46D83}"
EndProject
Global
	GlobalSection(SolutionConfigurationPlatforms) = preSolution
		Debug|Any CPU = Debug|Any CPU
		Release|Any CPU = Release|Any CPU
	EndGlobalSection
	GlobalSection(ProjectConfigurationPlatforms) = postSolution
		{F889A95F-4997-4FCB-9CF9-BFF7EFD46D83}.Debug|Any CPU.ActiveCfg = Debug|Any CPU
		{F889A95F-4997-4FCB-9CF9-BFF7EFD46D83}.Debug|Any CPU.Build.0 = Debug|Any CPU
		{F889A95F-4997-4FCB-9CF9-BFF7EFD46D83}.Release|Any CPU.ActiveCfg = Release|Any CPU
		{F889A95F-4997-4FCB-9CF9-BFF7EFD46D83}.Release|Any CPU.Build.0 = Release|Any CPU
	EndGlobalSection
	GlobalSection(SolutionProperties) = preSolution
		HideSolutionNode = FALSE
	EndGlobalSection
	GlobalSection(ExtensibilityGlobals) = postSolution
		SolutionGuid = {A5449E97-AC9E-4C97-BA5E-53AB535C5865}
	EndGlobalSection
EndGlobal
